// !$*UTF8*$!
{
	archiveVersion = 1;
	classes = {
	};
	objectVersion = 46;
	objects = {

/* Begin PBXBuildFile section */
		225B80EC1BFC088E003BD4D7 /* AppDelegate.swift in Sources */ = {isa = PBXBuildFile; fileRef = 225B80EB1BFC088E003BD4D7 /* AppDelegate.swift */; };
		225B80EE1BFC088E003BD4D7 /* ViewController.swift in Sources */ = {isa = PBXBuildFile; fileRef = 225B80ED1BFC088E003BD4D7 /* ViewController.swift */; };
		225B80F11BFC088E003BD4D7 /* Main.storyboard in Resources */ = {isa = PBXBuildFile; fileRef = 225B80EF1BFC088E003BD4D7 /* Main.storyboard */; };
		225B80F31BFC088E003BD4D7 /* Images.xcassets in Resources */ = {isa = PBXBuildFile; fileRef = 225B80F21BFC088E003BD4D7 /* Images.xcassets */; };
		225B80F61BFC088E003BD4D7 /* LaunchScreen.xib in Resources */ = {isa = PBXBuildFile; fileRef = 225B80F41BFC088E003BD4D7 /* LaunchScreen.xib */; };
		225B81021BFC088E003BD4D7 /* TryingSwiftTests.swift in Sources */ = {isa = PBXBuildFile; fileRef = 225B81011BFC088E003BD4D7 /* TryingSwiftTests.swift */; };
/* End PBXBuildFile section */

/* Begin PBXContainerItemProxy section */
		225B80FC1BFC088E003BD4D7 /* PBXContainerItemProxy */ = {
			isa = PBXContainerItemProxy;
			containerPortal = 225B80DE1BFC088D003BD4D7 /* Project object */;
			proxyType = 1;
			remoteGlobalIDString = 225B80E51BFC088D003BD4D7;
			remoteInfo = TryingSwift;
		};
/* End PBXContainerItemProxy section */

/* Begin PBXFileReference section */
		225B80E61BFC088E003BD4D7 /* TryingSwift.app */ = {isa = PBXFileReference; explicitFileType = wrapper.application; includeInIndex = 0; path = TryingSwift.app; sourceTree = BUILT_PRODUCTS_DIR; };
		225B80EA1BFC088E003BD4D7 /* Info.plist */ = {isa = PBXFileReference; lastKnownFileType = text.plist.xml; path = Info.plist; sourceTree = "<group>"; };
		225B80EB1BFC088E003BD4D7 /* AppDelegate.swift */ = {isa = PBXFileReference; lastKnownFileType = sourcecode.swift; path = AppDelegate.swift; sourceTree = "<group>"; };
		225B80ED1BFC088E003BD4D7 /* ViewController.swift */ = {isa = PBXFileReference; lastKnownFileType = sourcecode.swift; path = ViewController.swift; sourceTree = "<group>"; };
		225B80F01BFC088E003BD4D7 /* Base */ = {isa = PBXFileReference; lastKnownFileType = file.storyboard; name = Base; path = Base.lproj/Main.storyboard; sourceTree = "<group>"; };
		225B80F21BFC088E003BD4D7 /* Images.xcassets */ = {isa = PBXFileReference; lastKnownFileType = folder.assetcatalog; path = Images.xcassets; sourceTree = "<group>"; };
		225B80F51BFC088E003BD4D7 /* Base */ = {isa = PBXFileReference; lastKnownFileType = file.xib; name = Base; path = Base.lproj/LaunchScreen.xib; sourceTree = "<group>"; };
		225B80FB1BFC088E003BD4D7 /* TryingSwiftTests.xctest */ = {isa = PBXFileReference; explicitFileType = wrapper.cfbundle; includeInIndex = 0; path = TryingSwiftTests.xctest; sourceTree = BUILT_PRODUCTS_DIR; };
		225B81001BFC088E003BD4D7 /* Info.plist */ = {isa = PBXFileReference; lastKnownFileType = text.plist.xml; path = Info.plist; sourceTree = "<group>"; };
		225B81011BFC088E003BD4D7 /* TryingSwiftTests.swift */ = {isa = PBXFileReference; lastKnownFileType = sourcecode.swift; path = TryingSwiftTests.swift; sourceTree = "<group>"; };
/* End PBXFileReference section */

/* Begin PBXFrameworksBuildPhase section */
		225B80E31BFC088D003BD4D7 /* Frameworks */ = {
			isa = PBXFrameworksBuildPhase;
			buildActionMask = 2147483647;
			files = (
			);
			runOnlyForDeploymentPostprocessing = 0;
		};
		225B80F81BFC088E003BD4D7 /* Frameworks */ = {
			isa = PBXFrameworksBuildPhase;
			buildActionMask = 2147483647;
			files = (
			);
			runOnlyForDeploymentPostprocessing = 0;
		};
/* End PBXFrameworksBuildPhase section */

/* Begin PBXGroup section */
		225B80DD1BFC088D003BD4D7 = {
			isa = PBXGroup;
			children = (
				225B80E81BFC088E003BD4D7 /* TryingSwift */,
				225B80FE1BFC088E003BD4D7 /* TryingSwiftTests */,
				225B80E71BFC088E003BD4D7 /* Products */,
			);
			sourceTree = "<group>";
		};
		225B80E71BFC088E003BD4D7 /* Products */ = {
			isa = PBXGroup;
			children = (
				225B80E61BFC088E003BD4D7 /* TryingSwift.app */,
				225B80FB1BFC088E003BD4D7 /* TryingSwiftTests.xctest */,
			);
			name = Products;
			sourceTree = "<group>";
		};
		225B80E81BFC088E003BD4D7 /* TryingSwift */ = {
			isa = PBXGroup;
			children = (
				225B80EB1BFC088E003BD4D7 /* AppDelegate.swift */,
				225B80ED1BFC088E003BD4D7 /* ViewController.swift */,
				225B80EF1BFC088E003BD4D7 /* Main.storyboard */,
				225B80F21BFC088E003BD4D7 /* Images.xcassets */,
				225B80F41BFC088E003BD4D7 /* LaunchScreen.xib */,
				225B80E91BFC088E003BD4D7 /* Supporting Files */,
			);
			path = TryingSwift;
			sourceTree = "<group>";
		};
		225B80E91BFC088E003BD4D7 /* Supporting Files */ = {
			isa = PBXGroup;
			children = (
				225B80EA1BFC088E003BD4D7 /* Info.plist */,
			);
			name = "Supporting Files";
			sourceTree = "<group>";
		};
		225B80FE1BFC088E003BD4D7 /* TryingSwiftTests */ = {
			isa = PBXGroup;
			children = (
				225B81011BFC088E003BD4D7 /* TryingSwiftTests.swift */,
				225B80FF1BFC088E003BD4D7 /* Supporting Files */,
			);
			path = TryingSwiftTests;
			sourceTree = "<group>";
		};
		225B80FF1BFC088E003BD4D7 /* Supporting Files */ = {
			isa = PBXGroup;
			children = (
				225B81001BFC088E003BD4D7 /* Info.plist */,
			);
			name = "Supporting Files";
			sourceTree = "<group>";
		};
/* End PBXGroup section */

/* Begin PBXNativeTarget section */
		225B80E51BFC088D003BD4D7 /* TryingSwift */ = {
			isa = PBXNativeTarget;
			buildConfigurationList = 225B81051BFC088E003BD4D7 /* Build configuration list for PBXNativeTarget "TryingSwift" */;
			buildPhases = (
				225B80E21BFC088D003BD4D7 /* Sources */,
				225B80E31BFC088D003BD4D7 /* Frameworks */,
				225B80E41BFC088D003BD4D7 /* Resources */,
			);
			buildRules = (
			);
			dependencies = (
			);
			name = TryingSwift;
			productName = TryingSwift;
			productReference = 225B80E61BFC088E003BD4D7 /* TryingSwift.app */;
			productType = "com.apple.product-type.application";
		};
		225B80FA1BFC088E003BD4D7 /* TryingSwiftTests */ = {
			isa = PBXNativeTarget;
			buildConfigurationList = 225B81081BFC088E003BD4D7 /* Build configuration list for PBXNativeTarget "TryingSwiftTests" */;
			buildPhases = (
				225B80F71BFC088E003BD4D7 /* Sources */,
				225B80F81BFC088E003BD4D7 /* Frameworks */,
				225B80F91BFC088E003BD4D7 /* Resources */,
			);
			buildRules = (
			);
			dependencies = (
				225B80FD1BFC088E003BD4D7 /* PBXTargetDependency */,
			);
			name = TryingSwiftTests;
			productName = TryingSwiftTests;
			productReference = 225B80FB1BFC088E003BD4D7 /* TryingSwiftTests.xctest */;
			productType = "com.apple.product-type.bundle.unit-test";
		};
/* End PBXNativeTarget section */

/* Begin PBXProject section */
		225B80DE1BFC088D003BD4D7 /* Project object */ = {
			isa = PBXProject;
			attributes = {
				LastUpgradeCheck = 0630;
				ORGANIZATIONNAME = "samuel bean";
				TargetAttributes = {
					225B80E51BFC088D003BD4D7 = {
						CreatedOnToolsVersion = 6.3;
					};
					225B80FA1BFC088E003BD4D7 = {
						CreatedOnToolsVersion = 6.3;
						TestTargetID = 225B80E51BFC088D003BD4D7;
					};
				};
			};
			buildConfigurationList = 225B80E11BFC088D003BD4D7 /* Build configuration list for PBXProject "TryingSwift" */;
			compatibilityVersion = "Xcode 3.2";
			developmentRegion = English;
			hasScannedForEncodings = 0;
			knownRegions = (
				en,
				Base,
			);
			mainGroup = 225B80DD1BFC088D003BD4D7;
			productRefGroup = 225B80E71BFC088E003BD4D7 /* Products */;
			projectDirPath = "";
			projectRoot = "";
			targets = (
				225B80E51BFC088D003BD4D7 /* TryingSwift */,
				225B80FA1BFC088E003BD4D7 /* TryingSwiftTests */,
			);
		};
/* End PBXProject section */

/* Begin PBXResourcesBuildPhase section */
		225B80E41BFC088D003BD4D7 /* Resources */ = {
			isa = PBXResourcesBuildPhase;
			buildActionMask = 2147483647;
			files = (
				225B80F11BFC088E003BD4D7 /* Main.storyboard in Resources */,
				225B80F61BFC088E003BD4D7 /* LaunchScreen.xib in Resources */,
				225B80F31BFC088E003BD4D7 /* Images.xcassets in Resources */,
			);
			runOnlyForDeploymentPostprocessing = 0;
		};
		225B80F91BFC088E003BD4D7 /* Resources */ = {
			isa = PBXResourcesBuildPhase;
			buildActionMask = 2147483647;
			files = (
			);
			runOnlyForDeploymentPostprocessing = 0;
		};
/* End PBXResourcesBuildPhase section */

/* Begin PBXSourcesBuildPhase section */
		225B80E21BFC088D003BD4D7 /* Sources */ = {
			isa = PBXSourcesBuildPhase;
			buildActionMask = 2147483647;
			files = (
				225B80EE1BFC088E003BD4D7 /* ViewController.swift in Sources */,
				225B80EC1BFC088E003BD4D7 /* AppDelegate.swift in Sources */,
			);
			runOnlyForDeploymentPostprocessing = 0;
		};
		225B80F71BFC088E003BD4D7 /* Sources */ = {
			isa = PBXSourcesBuildPhase;
			buildActionMask = 2147483647;
			files = (
				225B81021BFC088E003BD4D7 /* TryingSwiftTests.swift in Sources */,
			);
			runOnlyForDeploymentPostprocessing = 0;
		};
/* End PBXSourcesBuildPhase section */

/* Begin PBXTargetDependency section */
		225B80FD1BFC088E003BD4D7 /* PBXTargetDependency */ = {
			isa = PBXTargetDependency;
			target = 225B80E51BFC088D003BD4D7 /* TryingSwift */;
			targetProxy = 225B80FC1BFC088E003BD4D7 /* PBXContainerItemProxy */;
		};
/* End PBXTargetDependency section */

/* Begin PBXVariantGroup section */
		225B80EF1BFC088E003BD4D7 /* Main.storyboard */ = {
			isa = PBXVariantGroup;
			children = (
				225B80F01BFC088E003BD4D7 /* Base */,
			);
			name = Main.storyboard;
			sourceTree = "<group>";
		};
		225B80F41BFC088E003BD4D7 /* LaunchScreen.xib */ = {
			isa = PBXVariantGroup;
			children = (
				225B80F51BFC088E003BD4D7 /* Base */,
			);
			name = LaunchScreen.xib;
			sourceTree = "<group>";
		};
/* End PBXVariantGroup section */

/* Begin XCBuildConfiguration section */
		225B81031BFC088E003BD4D7 /* Debug */ = {
			isa = XCBuildConfiguration;
			buildSettings = {
				ALWAYS_SEARCH_USER_PATHS = NO;
				CLANG_CXX_LANGUAGE_STANDARD = "gnu++0x";
				CLANG_CXX_LIBRARY = "libc++";
				CLANG_ENABLE_MODULES = YES;
				CLANG_ENABLE_OBJC_ARC = YES;
				CLANG_WARN_BOOL_CONVERSION = YES;
				CLANG_WARN_CONSTANT_CONVERSION = YES;
				CLANG_WARN_DIRECT_OBJC_ISA_USAGE = YES_ERROR;
				CLANG_WARN_EMPTY_BODY = YES;
				CLANG_WARN_ENUM_CONVERSION = YES;
				CLANG_WARN_INT_CONVERSION = YES;
				CLANG_WARN_OBJC_ROOT_CLASS = YES_ERROR;
				CLANG_WARN_UNREACHABLE_CODE = YES;
				CLANG_WARN__DUPLICATE_METHOD_MATCH = YES;
				"CODE_SIGN_IDENTITY[sdk=iphoneos*]" = "iPhone Developer";
				COPY_PHASE_STRIP = NO;
				DEBUG_INFORMATION_FORMAT = "dwarf-with-dsym";
				ENABLE_STRICT_OBJC_MSGSEND = YES;
				GCC_C_LANGUAGE_STANDARD = gnu99;
				GCC_DYNAMIC_NO_PIC = NO;
				GCC_NO_COMMON_BLOCKS = YES;
				GCC_OPTIMIZATION_LEVEL = 0;
				GCC_PREPROCESSOR_DEFINITIONS = (
					"DEBUG=1",
					"$(inherited)",
				);
				GCC_SYMBOLS_PRIVATE_EXTERN = NO;
				GCC_WARN_64_TO_32_BIT_CONVERSION = YES;
				GCC_WARN_ABOUT_RETURN_TYPE = YES_ERROR;
				GCC_WARN_UNDECLARED_SELECTOR = YES;
				GCC_WARN_UNINITIALIZED_AUTOS = YES_AGGRESSIVE;
				GCC_WARN_UNUSED_FUNCTION = YES;
				GCC_WARN_UNUSED_VARIABLE = YES;
				IPHONEOS_DEPLOYMENT_TARGET = 8.3;
				MTL_ENABLE_DEBUG_INFO = YES;
				ONLY_ACTIVE_ARCH = YES;
				SDKROOT = iphoneos;
				SWIFT_OPTIMIZATION_LEVEL = "-Onone";
			};
			name = Debug;
		};
		225B81041BFC088E003BD4D7 /* Release */ = {
			isa = XCBuildConfiguration;
			buildSettings = {
				ALWAYS_SEARCH_USER_PATHS = NO;
				CLANG_CXX_LANGUAGE_STANDARD = "gnu++0x";
				CLANG_CXX_LIBRARY = "libc++";
				CLANG_ENABLE_MODULES = YES;
				CLANG_ENABLE_OBJC_ARC = YES;
				CLANG_WARN_BOOL_CONVERSION = YES;
				CLANG_WARN_CONSTANT_CONVERSION = YES;
				CLANG_WARN_DIRECT_OBJC_ISA_USAGE = YES_ERROR;
				CLANG_WARN_EMPTY_BODY = YES;
				CLANG_WARN_ENUM_CONVERSION = YES;
				CLANG_WARN_INT_CONVERSION = YES;
				CLANG_WARN_OBJC_ROOT_CLASS = YES_ERROR;
				CLANG_WARN_UNREACHABLE_CODE = YES;
				CLANG_WARN__DUPLICATE_METHOD_MATCH = YES;
				"CODE_SIGN_IDENTITY[sdk=iphoneos*]" = "iPhone Developer";
				COPY_PHASE_STRIP = NO;
				DEBUG_INFORMATION_FORMAT = "dwarf-with-dsym";
				ENABLE_NS_ASSERTIONS = NO;
				ENABLE_STRICT_OBJC_MSGSEND = YES;
				GCC_C_LANGUAGE_STANDARD = gnu99;
				GCC_NO_COMMON_BLOCKS = YES;
				GCC_WARN_64_TO_32_BIT_CONVERSION = YES;
				GCC_WARN_ABOUT_RETURN_TYPE = YES_ERROR;
				GCC_WARN_UNDECLARED_SELECTOR = YES;
				GCC_WARN_UNINITIALIZED_AUTOS = YES_AGGRESSIVE;
				GCC_WARN_UNUSED_FUNCTION = YES;
				GCC_WARN_UNUSED_VARIABLE = YES;
				IPHONEOS_DEPLOYMENT_TARGET = 8.3;
				MTL_ENABLE_DEBUG_INFO = NO;
				SDKROOT = iphoneos;
				VALIDATE_PRODUCT = YES;
			};
			name = Release;
		};
		225B81061BFC088E003BD4D7 /* Debug */ = {
			isa = XCBuildConfiguration;
			buildSettings = {
				ASSETCATALOG_COMPILER_APPICON_NAME = AppIcon;
				INFOPLIST_FILE = TryingSwift/Info.plist;
				LD_RUNPATH_SEARCH_PATHS = "$(inherited) @executable_path/Frameworks";
				PRODUCT_NAME = "$(TARGET_NAME)";
			};
			name = Debug;
		};
		225B81071BFC088E003BD4D7 /* Release */ = {
			isa = XCBuildConfiguration;
			buildSettings = {
				ASSETCATALOG_COMPILER_APPICON_NAME = AppIcon;
				INFOPLIST_FILE = TryingSwift/Info.plist;
				LD_RUNPATH_SEARCH_PATHS = "$(inherited) @executable_path/Frameworks";
				PRODUCT_NAME = "$(TARGET_NAME)";
			};
			name = Release;
		};
		225B81091BFC088E003BD4D7 /* Debug */ = {
			isa = XCBuildConfiguration;
			buildSettings = {
				BUNDLE_LOADER = "$(TEST_HOST)";
				FRAMEWORK_SEARCH_PATHS = (
					"$(SDKROOT)/Developer/Library/Frameworks",
					"$(inherited)",
				);
				GCC_PREPROCESSOR_DEFINITIONS = (
					"DEBUG=1",
					"$(inherited)",
				);
				INFOPLIST_FILE = TryingSwiftTests/Info.plist;
				LD_RUNPATH_SEARCH_PATHS = "$(inherited) @executable_path/Frameworks @loader_path/Frameworks";
				PRODUCT_NAME = "$(TARGET_NAME)";
				TEST_HOST = "$(BUILT_PRODUCTS_DIR)/TryingSwift.app/TryingSwift";
			};
			name = Debug;
		};
		225B810A1BFC088E003BD4D7 /* Release */ = {
			isa = XCBuildConfiguration;
			buildSettings = {
				BUNDLE_LOADER = "$(TEST_HOST)";
				FRAMEWORK_SEARCH_PATHS = (
					"$(SDKROOT)/Developer/Library/Frameworks",
					"$(inherited)",
				);
				INFOPLIST_FILE = TryingSwiftTests/Info.plist;
				LD_RUNPATH_SEARCH_PATHS = "$(inherited) @executable_path/Frameworks @loader_path/Frameworks";
				PRODUCT_NAME = "$(TARGET_NAME)";
				TEST_HOST = "$(BUILT_PRODUCTS_DIR)/TryingSwift.app/TryingSwift";
			};
			name = Release;
		};
/* End XCBuildConfiguration section */

/* Begin XCConfigurationList section */
		225B80E11BFC088D003BD4D7 /* Build configuration list for PBXProject "TryingSwift" */ = {
			isa = XCConfigurationList;
			buildConfigurations = (
				225B81031BFC088E003BD4D7 /* Debug */,
				225B81041BFC088E003BD4D7 /* Release */,
			);
			defaultConfigurationIsVisible = 0;
			defaultConfigurationName = Release;
		};
		225B81051BFC088E003BD4D7 /* Build configuration list for PBXNativeTarget "TryingSwift" */ = {
			isa = XCConfigurationList;
			buildConfigurations = (
				225B81061BFC088E003BD4D7 /* Debug */,
				225B81071BFC088E003BD4D7 /* Release */,
			);
			defaultConfigurationIsVisible = 0;
		};
		225B81081BFC088E003BD4D7 /* Build configuration list for PBXNativeTarget "TryingSwiftTests" */ = {
			isa = XCConfigurationList;
			buildConfigurations = (
				225B81091BFC088E003BD4D7 /* Debug */,
				225B810A1BFC088E003BD4D7 /* Release */,
			);
			defaultConfigurationIsVisible = 0;
		};
/* End XCConfigurationList section */
	};
	rootObject = 225B80DE1BFC088D003BD4D7 /* Project object */;
}
